Microsoft Visual Studio Solution File, Format Version 12.00
#
Project("{FAE04EC0-301F-11D3-BF4B-00C04F79EFBC}") = "Angy.Server.Product", "Angy.Server.Product\Angy.Server.Product.csproj", "{DC0E0306-B826-41AC-8A38-FA1AF1C8B1C9}"
EndProject
Project("{FAE04EC0-301F-11D3-BF4B-00C04F79EFBC}") = "Angy.Server.Product.GraphQL", "Angy.Server.Product.GraphQL\Angy.Server.Product.GraphQL.csproj", "{461AA469-9B89-4324-AEEF-CF996D877617}"
EndProject
Project("{FAE04EC0-301F-11D3-BF4B-00C04F79EFBC}") = "Angy.Client.ProductDataManager", "Angy.Client.ProductDataManager\Angy.Client.ProductDataManager.csproj", "{1C16F69D-B5B0-4DD7-B9F8-3BBEFDC96E26}"
EndProject
Project("{FAE04EC0-301F-11D3-BF4B-00C04F79EFBC}") = "Angy.Client.Shared", "Angy.Client.Shared\Angy.Client.Shared.csproj", "{C83B9806-D86F-47D0-8351-C06E623AE23C}"
EndProject
Project("{FAE04EC0-301F-11D3-BF4B-00C04F79EFBC}") = "Angy.Model", "Angy.Model\Angy.Model.csproj", "{6E7DCB84-6F28-4C15-9353-36312CE2AADD}"
EndProject
Project("{FAE04EC0-301F-11D3-BF4B-00C04F79EFBC}") = "Angy.Server.Data", "Angy.Server.Data\Angy.Server.Data.csproj", "{E6D0DA1A-9CB6-45E5-8CA0-2AC0ABF1272D}"
EndProject
Project("{FAE04EC0-301F-11D3-BF4B-00C04F79EFBC}") = "Angy.Client.Pages", "Angy.Client.Pages\Angy.Client.Pages.csproj", "{D1959748-58E4-4617-8B4C-EB9A7218D66B}"
EndProject
Project("{FAE04EC0-301F-11D3-BF4B-00C04F79EFBC}") = "Angy.BackEnd.Kharonte", "Angy.BackEnd.Kharonte\Angy.BackEnd.Kharonte.csproj", "{E255977C-23C0-4FDF-8961-E0E68B2696BC}"
EndProject
Project("{FAE04EC0-301F-11D3-BF4B-00C04F79EFBC}") = "Angy.BackEnd.Kharonte.Data", "Angy.BackEnd.Kharonte.Data\Angy.BackEnd.Kharonte.Data.csproj", "{5C42C422-DD0E-457C-B1A8-FDE63CC24D78}"
EndProject
Project("{FAE04EC0-301F-11D3-BF4B-00C04F79EFBC}") = "Angy.BackEnd.Kharonte.Core", "Angy.BackEnd.Kharonte.Core\Angy.BackEnd.Kharonte.Core.csproj", "{1AA224A5-42ED-4933-A95E-9930C150237F}"
EndProject
Global
	GlobalSection(SolutionConfigurationPlatforms) = preSolution
		Debug|Any CPU = Debug|Any CPU
		Release|Any CPU = Release|Any CPU
	EndGlobalSection
	GlobalSection(ProjectConfigurationPlatforms) = postSolution
		{DC0E0306-B826-41AC-8A38-FA1AF1C8B1C9}.Debug|Any CPU.ActiveCfg = Debug|Any CPU
		{DC0E0306-B826-41AC-8A38-FA1AF1C8B1C9}.Debug|Any CPU.Build.0 = Debug|Any CPU
		{DC0E0306-B826-41AC-8A38-FA1AF1C8B1C9}.Release|Any CPU.ActiveCfg = Release|Any CPU
		{DC0E0306-B826-41AC-8A38-FA1AF1C8B1C9}.Release|Any CPU.Build.0 = Release|Any CPU
		{461AA469-9B89-4324-AEEF-CF996D877617}.Debug|Any CPU.ActiveCfg = Debug|Any CPU
		{461AA469-9B89-4324-AEEF-CF996D877617}.Debug|Any CPU.Build.0 = Debug|Any CPU
		{461AA469-9B89-4324-AEEF-CF996D877617}.Release|Any CPU.ActiveCfg = Release|Any CPU
		{461AA469-9B89-4324-AEEF-CF996D877617}.Release|Any CPU.Build.0 = Release|Any CPU
		{1C16F69D-B5B0-4DD7-B9F8-3BBEFDC96E26}.Debug|Any CPU.ActiveCfg = Debug|Any CPU
		{1C16F69D-B5B0-4DD7-B9F8-3BBEFDC96E26}.Debug|Any CPU.Build.0 = Debug|Any CPU
		{1C16F69D-B5B0-4DD7-B9F8-3BBEFDC96E26}.Release|Any CPU.ActiveCfg = Release|Any CPU
		{1C16F69D-B5B0-4DD7-B9F8-3BBEFDC96E26}.Release|Any CPU.Build.0 = Release|Any CPU
		{C83B9806-D86F-47D0-8351-C06E623AE23C}.Debug|Any CPU.ActiveCfg = Debug|Any CPU
		{C83B9806-D86F-47D0-8351-C06E623AE23C}.Debug|Any CPU.Build.0 = Debug|Any CPU
		{C83B9806-D86F-47D0-8351-C06E623AE23C}.Release|Any CPU.ActiveCfg = Release|Any CPU
		{C83B9806-D86F-47D0-8351-C06E623AE23C}.Release|Any CPU.Build.0 = Release|Any CPU
		{6E7DCB84-6F28-4C15-9353-36312CE2AADD}.Debug|Any CPU.ActiveCfg = Debug|Any CPU
		{6E7DCB84-6F28-4C15-9353-36312CE2AADD}.Debug|Any CPU.Build.0 = Debug|Any CPU
		{6E7DCB84-6F28-4C15-9353-36312CE2AADD}.Release|Any CPU.ActiveCfg = Release|Any CPU
		{6E7DCB84-6F28-4C15-9353-36312CE2AADD}.Release|Any CPU.Build.0 = Release|Any CPU
		{E6D0DA1A-9CB6-45E5-8CA0-2AC0ABF1272D}.Debug|Any CPU.ActiveCfg = Debug|Any CPU
		{E6D0DA1A-9CB6-45E5-8CA0-2AC0ABF1272D}.Debug|Any CPU.Build.0 = Debug|Any CPU
		{E6D0DA1A-9CB6-45E5-8CA0-2AC0ABF1272D}.Release|Any CPU.ActiveCfg = Release|Any CPU
		{E6D0DA1A-9CB6-45E5-8CA0-2AC0ABF1272D}.Release|Any CPU.Build.0 = Release|Any CPU
		{D1959748-58E4-4617-8B4C-EB9A7218D66B}.Debug|Any CPU.ActiveCfg = Debug|Any CPU
		{D1959748-58E4-4617-8B4C-EB9A7218D66B}.Debug|Any CPU.Build.0 = Debug|Any CPU
		{D1959748-58E4-4617-8B4C-EB9A7218D66B}.Release|Any CPU.ActiveCfg = Release|Any CPU
		{D1959748-58E4-4617-8B4C-EB9A7218D66B}.Release|Any CPU.Build.0 = Release|Any CPU
		{E255977C-23C0-4FDF-8961-E0E68B2696BC}.Debug|Any CPU.ActiveCfg = Debug|Any CPU
		{E255977C-23C0-4FDF-8961-E0E68B2696BC}.Debug|Any CPU.Build.0 = Debug|Any CPU
		{E255977C-23C0-4FDF-8961-E0E68B2696BC}.Release|Any CPU.ActiveCfg = Release|Any CPU
		{E255977C-23C0-4FDF-8961-E0E68B2696BC}.Release|Any CPU.Build.0 = Release|Any CPU
		{5C42C422-DD0E-457C-B1A8-FDE63CC24D78}.Debug|Any CPU.ActiveCfg = Debug|Any CPU
		{5C42C422-DD0E-457C-B1A8-FDE63CC24D78}.Debug|Any CPU.Build.0 = Debug|Any CPU
		{5C42C422-DD0E-457C-B1A8-FDE63CC24D78}.Release|Any CPU.ActiveCfg = Release|Any CPU
		{5C42C422-DD0E-457C-B1A8-FDE63CC24D78}.Release|Any CPU.Build.0 = Release|Any CPU
		{1AA224A5-42ED-4933-A95E-9930C150237F}.Debug|Any CPU.ActiveCfg = Debug|Any CPU
		{1AA224A5-42ED-4933-A95E-9930C150237F}.Debug|Any CPU.Build.0 = Debug|Any CPU
		{1AA224A5-42ED-4933-A95E-9930C150237F}.Release|Any CPU.ActiveCfg = Release|Any CPU
		{1AA224A5-42ED-4933-A95E-9930C150237F}.Release|Any CPU.Build.0 = Release|Any CPU
	EndGlobalSection
EndGlobal
